// !$*UTF8*$!
{
	archiveVersion = 1;
	classes = {
	};
	objectVersion = 46;
	objects = {

/* Begin PBXBuildFile section */
		6133DBE717774AA40000FFFB /* UIKit.framework in Frameworks */ = {isa = PBXBuildFile; fileRef = 6133DBE617774AA40000FFFB /* UIKit.framework */; };
		6133DBEB17774AA40000FFFB /* CoreGraphics.framework in Frameworks */ = {isa = PBXBuildFile; fileRef = 6133DBEA17774AA40000FFFB /* CoreGraphics.framework */; };
		6137E77F17F358ED00AE3A73 /* Foundation.framework in Frameworks */ = {isa = PBXBuildFile; fileRef = 6137E74717F3589D00AE3A73 /* Foundation.framework */; };
		6137E78017F358ED00AE3A73 /* CoreGraphics.framework in Frameworks */ = {isa = PBXBuildFile; fileRef = 6133DBEA17774AA40000FFFB /* CoreGraphics.framework */; };
		6137E78117F358ED00AE3A73 /* UIKit.framework in Frameworks */ = {isa = PBXBuildFile; fileRef = 6133DBE617774AA40000FFFB /* UIKit.framework */; };
		6137E78717F358ED00AE3A73 /* InfoPlist.strings in Resources */ = {isa = PBXBuildFile; fileRef = 6137E78517F358ED00AE3A73 /* InfoPlist.strings */; };
		6137E78917F358ED00AE3A73 /* main.m in Sources */ = {isa = PBXBuildFile; fileRef = 6137E78817F358ED00AE3A73 /* main.m */; };
		6137E78D17F358ED00AE3A73 /* AppDelegate.m in Sources */ = {isa = PBXBuildFile; fileRef = 6137E78C17F358ED00AE3A73 /* AppDelegate.m */; };
		6137E79317F358ED00AE3A73 /* ViewController.m in Sources */ = {isa = PBXBuildFile; fileRef = 6137E79217F358ED00AE3A73 /* ViewController.m */; };
		6137E79517F358ED00AE3A73 /* Images.xcassets in Resources */ = {isa = PBXBuildFile; fileRef = 6137E79417F358ED00AE3A73 /* Images.xcassets */; };
		61EC11DB17A85F0A004A84C6 /* QuartzCore.framework in Frameworks */ = {isa = PBXBuildFile; fileRef = 61EC11DA17A85F0A004A84C6 /* QuartzCore.framework */; };
		61EE1E9817FD6B8200C627F5 /* PushMain.storyboard in Resources */ = {isa = PBXBuildFile; fileRef = 6137E78E17F358ED00AE3A73 /* PushMain.storyboard */; };
		8D7076AB1861C00700424C24 /* CoreMotion.framework in Frameworks */ = {isa = PBXBuildFile; fileRef = 8D7076AA1861C00700424C24 /* CoreMotion.framework */; };
		8D7076AC1861C06A00424C24 /* Foundation.framework in Frameworks */ = {isa = PBXBuildFile; fileRef = 6137E74717F3589D00AE3A73 /* Foundation.framework */; };
		8D7076AE1861C08700424C24 /* AddressBook.framework in Frameworks */ = {isa = PBXBuildFile; fileRef = 8D7076AD1861C08700424C24 /* AddressBook.framework */; };
		8D7076B01861C09000424C24 /* AssetsLibrary.framework in Frameworks */ = {isa = PBXBuildFile; fileRef = 8D7076AF1861C09000424C24 /* AssetsLibrary.framework */; };
		8D7076B21861C0AC00424C24 /* CoreText.framework in Frameworks */ = {isa = PBXBuildFile; fileRef = 8D7076B11861C0AC00424C24 /* CoreText.framework */; };
		8D7076B41861C0B800424C24 /* MediaPlayer.framework in Frameworks */ = {isa = PBXBuildFile; fileRef = 8D7076B31861C0B800424C24 /* MediaPlayer.framework */; };
		8D7076B61861C0C200424C24 /* Security.framework in Frameworks */ = {isa = PBXBuildFile; fileRef = 8D7076B51861C0C200424C24 /* Security.framework */; };
		8D7076B81861C0D100424C24 /* SystemConfiguration.framework in Frameworks */ = {isa = PBXBuildFile; fileRef = 8D7076B71861C0D100424C24 /* SystemConfiguration.framework */; };
		8D7076BA1861CE0000424C24 /* CoreLocation.framework in Frameworks */ = {isa = PBXBuildFile; fileRef = 8D7076B91861CE0000424C24 /* CoreLocation.framework */; };
		8DC9704618804CA000570EC4 /* TKUIButton.m in Sources */ = {isa = PBXBuildFile; fileRef = 8DC9704518804CA000570EC4 /* TKUIButton.m */; };
		8DC9704918804CDC00570EC4 /* MBProgressHUD.m in Sources */ = {isa = PBXBuildFile; fileRef = 8DC9704818804CDC00570EC4 /* MBProgressHUD.m */; };
		8DC9704B18804DF800570EC4 /* EverliveSDK.framework in Frameworks */ = {isa = PBXBuildFile; fileRef = 8DC9704A18804DF800570EC4 /* EverliveSDK.framework */; };
/* End PBXBuildFile section */

/* Begin PBXFileReference section */
		6133DBE617774AA40000FFFB /* UIKit.framework */ = {isa = PBXFileReference; lastKnownFileType = wrapper.framework; name = UIKit.framework; path = System/Library/Frameworks/UIKit.framework; sourceTree = SDKROOT; };
		6133DBEA17774AA40000FFFB /* CoreGraphics.framework */ = {isa = PBXFileReference; lastKnownFileType = wrapper.framework; name = CoreGraphics.framework; path = System/Library/Frameworks/CoreGraphics.framework; sourceTree = SDKROOT; };
		6137E74717F3589D00AE3A73 /* Foundation.framework */ = {isa = PBXFileReference; lastKnownFileType = wrapper.framework; name = Foundation.framework; path = System/Library/Frameworks/Foundation.framework; sourceTree = SDKROOT; };
		6137E78417F358ED00AE3A73 /* PushSample-Info.plist */ = {isa = PBXFileReference; lastKnownFileType = text.plist.xml; path = "PushSample-Info.plist"; sourceTree = "<group>"; };
		6137E78617F358ED00AE3A73 /* en */ = {isa = PBXFileReference; lastKnownFileType = text.plist.strings; name = en; path = en.lproj/InfoPlist.strings; sourceTree = "<group>"; };
		6137E78817F358ED00AE3A73 /* main.m */ = {isa = PBXFileReference; lastKnownFileType = sourcecode.c.objc; path = main.m; sourceTree = "<group>"; };
		6137E78A17F358ED00AE3A73 /* PushSample-Prefix.pch */ = {isa = PBXFileReference; lastKnownFileType = sourcecode.c.h; path = "PushSample-Prefix.pch"; sourceTree = "<group>"; };
		6137E78B17F358ED00AE3A73 /* AppDelegate.h */ = {isa = PBXFileReference; lastKnownFileType = sourcecode.c.h; path = AppDelegate.h; sourceTree = "<group>"; };
		6137E78C17F358ED00AE3A73 /* AppDelegate.m */ = {isa = PBXFileReference; lastKnownFileType = sourcecode.c.objc; path = AppDelegate.m; sourceTree = "<group>"; };
		6137E78F17F358ED00AE3A73 /* Base */ = {isa = PBXFileReference; lastKnownFileType = file.storyboard; name = Base; path = Base.lproj/PushMain.storyboard; sourceTree = "<group>"; };
		6137E79117F358ED00AE3A73 /* ViewController.h */ = {isa = PBXFileReference; lastKnownFileType = sourcecode.c.h; path = ViewController.h; sourceTree = "<group>"; };
		6137E79217F358ED00AE3A73 /* ViewController.m */ = {isa = PBXFileReference; lastKnownFileType = sourcecode.c.objc; path = ViewController.m; sourceTree = "<group>"; };
		6137E79417F358ED00AE3A73 /* Images.xcassets */ = {isa = PBXFileReference; lastKnownFileType = folder.assetcatalog; path = Images.xcassets; sourceTree = "<group>"; };
		61EC11DA17A85F0A004A84C6 /* QuartzCore.framework */ = {isa = PBXFileReference; lastKnownFileType = wrapper.framework; name = QuartzCore.framework; path = System/Library/Frameworks/QuartzCore.framework; sourceTree = SDKROOT; };
		8D7076AA1861C00700424C24 /* CoreMotion.framework */ = {isa = PBXFileReference; lastKnownFileType = wrapper.framework; name = CoreMotion.framework; path = System/Library/Frameworks/CoreMotion.framework; sourceTree = SDKROOT; };
		8D7076AD1861C08700424C24 /* AddressBook.framework */ = {isa = PBXFileReference; lastKnownFileType = wrapper.framework; name = AddressBook.framework; path = System/Library/Frameworks/AddressBook.framework; sourceTree = SDKROOT; };
		8D7076AF1861C09000424C24 /* AssetsLibrary.framework */ = {isa = PBXFileReference; lastKnownFileType = wrapper.framework; name = AssetsLibrary.framework; path = System/Library/Frameworks/AssetsLibrary.framework; sourceTree = SDKROOT; };
		8D7076B11861C0AC00424C24 /* CoreText.framework */ = {isa = PBXFileReference; lastKnownFileType = wrapper.framework; name = CoreText.framework; path = System/Library/Frameworks/CoreText.framework; sourceTree = SDKROOT; };
		8D7076B31861C0B800424C24 /* MediaPlayer.framework */ = {isa = PBXFileReference; lastKnownFileType = wrapper.framework; name = MediaPlayer.framework; path = System/Library/Frameworks/MediaPlayer.framework; sourceTree = SDKROOT; };
		8D7076B51861C0C200424C24 /* Security.framework */ = {isa = PBXFileReference; lastKnownFileType = wrapper.framework; name = Security.framework; path = System/Library/Frameworks/Security.framework; sourceTree = SDKROOT; };
		8D7076B71861C0D100424C24 /* SystemConfiguration.framework */ = {isa = PBXFileReference; lastKnownFileType = wrapper.framework; name = SystemConfiguration.framework; path = System/Library/Frameworks/SystemConfiguration.framework; sourceTree = SDKROOT; };
		8D7076B91861CE0000424C24 /* CoreLocation.framework */ = {isa = PBXFileReference; lastKnownFileType = wrapper.framework; name = CoreLocation.framework; path = System/Library/Frameworks/CoreLocation.framework; sourceTree = SDKROOT; };
		8DC9704418804CA000570EC4 /* TKUIButton.h */ = {isa = PBXFileReference; fileEncoding = 4; lastKnownFileType = sourcecode.c.h; path = TKUIButton.h; sourceTree = "<group>"; };
		8DC9704518804CA000570EC4 /* TKUIButton.m */ = {isa = PBXFileReference; fileEncoding = 4; lastKnownFileType = sourcecode.c.objc; path = TKUIButton.m; sourceTree = "<group>"; };
		8DC9704718804CDC00570EC4 /* MBProgressHUD.h */ = {isa = PBXFileReference; fileEncoding = 4; lastKnownFileType = sourcecode.c.h; path = MBProgressHUD.h; sourceTree = "<group>"; };
		8DC9704818804CDC00570EC4 /* MBProgressHUD.m */ = {isa = PBXFileReference; fileEncoding = 4; lastKnownFileType = sourcecode.c.objc; path = MBProgressHUD.m; sourceTree = "<group>"; };
		8DC9704A18804DF800570EC4 /* EverliveSDK.framework */ = {isa = PBXFileReference; lastKnownFileType = wrapper.framework; path = EverliveSDK.framework; sourceTree = "<group>"; };
		8DC970511880501300570EC4 /* Friends.app */ = {isa = PBXFileReference; explicitFileType = wrapper.application; includeInIndex = 0; name = Friends.app; path = "/Users/ppavlov/Desktop/push sample/Sample/build/Debug-iphoneos/Friends.app"; sourceTree = "<absolute>"; };
		8DC970521880501300570EC4 /* Friends+.app */ = {isa = PBXFileReference; explicitFileType = wrapper.application; includeInIndex = 0; name = "Friends+.app"; path = "/Users/ppavlov/Desktop/push sample/Sample/build/Debug-iphoneos/Friends+.app"; sourceTree = "<absolute>"; };
/* End PBXFileReference section */

/* Begin PBXFrameworksBuildPhase section */
		6133DBE017774AA40000FFFB /* Frameworks */ = {
			isa = PBXFrameworksBuildPhase;
			buildActionMask = 2147483647;
			files = (
				8D7076BA1861CE0000424C24 /* CoreLocation.framework in Frameworks */,
				6133DBE717774AA40000FFFB /* UIKit.framework in Frameworks */,
				8D7076B81861C0D100424C24 /* SystemConfiguration.framework in Frameworks */,
				8D7076B61861C0C200424C24 /* Security.framework in Frameworks */,
				8D7076B41861C0B800424C24 /* MediaPlayer.framework in Frameworks */,
				8D7076B21861C0AC00424C24 /* CoreText.framework in Frameworks */,
				6133DBEB17774AA40000FFFB /* CoreGraphics.framework in Frameworks */,
				8D7076B01861C09000424C24 /* AssetsLibrary.framework in Frameworks */,
				8D7076AE1861C08700424C24 /* AddressBook.framework in Frameworks */,
				8D7076AC1861C06A00424C24 /* Foundation.framework in Frameworks */,
				8D7076AB1861C00700424C24 /* CoreMotion.framework in Frameworks */,
				61EC11DB17A85F0A004A84C6 /* QuartzCore.framework in Frameworks */,
			);
			runOnlyForDeploymentPostprocessing = 0;
		};
		6137E77B17F358ED00AE3A73 /* Frameworks */ = {
			isa = PBXFrameworksBuildPhase;
			buildActionMask = 2147483647;
			files = (
				6137E78017F358ED00AE3A73 /* CoreGraphics.framework in Frameworks */,
				8DC9704B18804DF800570EC4 /* EverliveSDK.framework in Frameworks */,
				6137E78117F358ED00AE3A73 /* UIKit.framework in Frameworks */,
				6137E77F17F358ED00AE3A73 /* Foundation.framework in Frameworks */,
			);
			runOnlyForDeploymentPostprocessing = 0;
		};
/* End PBXFrameworksBuildPhase section */

/* Begin PBXGroup section */
		6133DBDA17774AA40000FFFB = {
			isa = PBXGroup;
			children = (
				6137E78217F358ED00AE3A73 /* EverlivePushSample */,
				6133DBE517774AA40000FFFB /* Frameworks */,
			);
			sourceTree = "<group>";
		};
		6133DBE517774AA40000FFFB /* Frameworks */ = {
			isa = PBXGroup;
			children = (
				8DC9704A18804DF800570EC4 /* EverliveSDK.framework */,
				8D7076B91861CE0000424C24 /* CoreLocation.framework */,
				8D7076B71861C0D100424C24 /* SystemConfiguration.framework */,
				8D7076B51861C0C200424C24 /* Security.framework */,
				8D7076B31861C0B800424C24 /* MediaPlayer.framework */,
				8D7076B11861C0AC00424C24 /* CoreText.framework */,
				8D7076AF1861C09000424C24 /* AssetsLibrary.framework */,
				8D7076AD1861C08700424C24 /* AddressBook.framework */,
				8D7076AA1861C00700424C24 /* CoreMotion.framework */,
				61EC11DA17A85F0A004A84C6 /* QuartzCore.framework */,
				6133DBE617774AA40000FFFB /* UIKit.framework */,
				6133DBEA17774AA40000FFFB /* CoreGraphics.framework */,
				6137E74717F3589D00AE3A73 /* Foundation.framework */,
			);
			name = Frameworks;
			sourceTree = "<group>";
		};
		6137E78217F358ED00AE3A73 /* EverlivePushSample */ = {
			isa = PBXGroup;
			children = (
				6137E78B17F358ED00AE3A73 /* AppDelegate.h */,
				6137E78C17F358ED00AE3A73 /* AppDelegate.m */,
				6137E78E17F358ED00AE3A73 /* PushMain.storyboard */,
				6137E79117F358ED00AE3A73 /* ViewController.h */,
				8DC9704718804CDC00570EC4 /* MBProgressHUD.h */,
				8DC9704818804CDC00570EC4 /* MBProgressHUD.m */,
				8DC9704418804CA000570EC4 /* TKUIButton.h */,
				8DC9704518804CA000570EC4 /* TKUIButton.m */,
				6137E79217F358ED00AE3A73 /* ViewController.m */,
				6137E79417F358ED00AE3A73 /* Images.xcassets */,
				6137E78317F358ED00AE3A73 /* Supporting Files */,
			);
			name = EverlivePushSample;
			path = PushSample;
			sourceTree = "<group>";
		};
		6137E78317F358ED00AE3A73 /* Supporting Files */ = {
			isa = PBXGroup;
			children = (
				6137E78417F358ED00AE3A73 /* PushSample-Info.plist */,
				6137E78517F358ED00AE3A73 /* InfoPlist.strings */,
				6137E78817F358ED00AE3A73 /* main.m */,
				6137E78A17F358ED00AE3A73 /* PushSample-Prefix.pch */,
			);
			name = "Supporting Files";
			sourceTree = "<group>";
		};
/* End PBXGroup section */

/* Begin PBXNativeTarget section */
		6133DBE217774AA40000FFFB /* Sample */ = {
			isa = PBXNativeTarget;
			buildConfigurationList = 6133DC0617774AA40000FFFB /* Build configuration list for PBXNativeTarget "Sample" */;
			buildPhases = (
				6133DBDF17774AA40000FFFB /* Sources */,
				6133DBE017774AA40000FFFB /* Frameworks */,
				6133DBE117774AA40000FFFB /* Resources */,
			);
			buildRules = (
			);
			dependencies = (
			);
			name = Sample;
			productName = EverliveSDK;
			productReference = 8DC970511880501300570EC4 /* Friends.app */;
			productType = "com.apple.product-type.application";
		};
		6137E77D17F358ED00AE3A73 /* Sample (Push) */ = {
			isa = PBXNativeTarget;
			buildConfigurationList = 6137E7A817F358EE00AE3A73 /* Build configuration list for PBXNativeTarget "Sample (Push)" */;
			buildPhases = (
				6137E77A17F358ED00AE3A73 /* Sources */,
				6137E77B17F358ED00AE3A73 /* Frameworks */,
				6137E77C17F358ED00AE3A73 /* Resources */,
			);
			buildRules = (
			);
			dependencies = (
			);
			name = "Sample (Push)";
			productName = PushSample;
			productReference = 8DC970521880501300570EC4 /* Friends+.app */;
			productType = "com.apple.product-type.application";
		};
/* End PBXNativeTarget section */

/* Begin PBXProject section */
		6133DBDB17774AA40000FFFB /* Project object */ = {
			isa = PBXProject;
			attributes = {
				LastUpgradeCheck = 0500;
				ORGANIZATIONNAME = "Telerik AD.";
				TargetAttributes = {
					6133DBE217774AA40000FFFB = {
						DevelopmentTeam = CHSQ3M3P37;
					};
					6137E77D17F358ED00AE3A73 = {
						DevelopmentTeam = YXKDJK6637;
					};
				};
			};
			buildConfigurationList = 6133DBDE17774AA40000FFFB /* Build configuration list for PBXProject "Push Notifications Sample" */;
			compatibilityVersion = "Xcode 3.2";
			developmentRegion = English;
			hasScannedForEncodings = 0;
			knownRegions = (
				en,
				Base,
			);
			mainGroup = 6133DBDA17774AA40000FFFB;
			productRefGroup = 6133DBDA17774AA40000FFFB;
			projectDirPath = "";
			projectRoot = "";
			targets = (
				6133DBE217774AA40000FFFB /* Sample */,
				6137E77D17F358ED00AE3A73 /* Sample (Push) */,
			);
		};
/* End PBXProject section */

/* Begin PBXResourcesBuildPhase section */
		6133DBE117774AA40000FFFB /* Resources */ = {
			isa = PBXResourcesBuildPhase;
			buildActionMask = 2147483647;
			files = (
			);
			runOnlyForDeploymentPostprocessing = 0;
		};
		6137E77C17F358ED00AE3A73 /* Resources */ = {
			isa = PBXResourcesBuildPhase;
			buildActionMask = 2147483647;
			files = (
				6137E79517F358ED00AE3A73 /* Images.xcassets in Resources */,
				61EE1E9817FD6B8200C627F5 /* PushMain.storyboard in Resources */,
				6137E78717F358ED00AE3A73 /* InfoPlist.strings in Resources */,
			);
			runOnlyForDeploymentPostprocessing = 0;
		};
/* End PBXResourcesBuildPhase section */

/* Begin PBXSourcesBuildPhase section */
		6133DBDF17774AA40000FFFB /* Sources */ = {
			isa = PBXSourcesBuildPhase;
			buildActionMask = 2147483647;
			files = (
			);
			runOnlyForDeploymentPostprocessing = 0;
		};
		6137E77A17F358ED00AE3A73 /* Sources */ = {
			isa = PBXSourcesBuildPhase;
			buildActionMask = 2147483647;
			files = (
				8DC9704618804CA000570EC4 /* TKUIButton.m in Sources */,
				6137E79317F358ED00AE3A73 /* ViewController.m in Sources */,
				8DC9704918804CDC00570EC4 /* MBProgressHUD.m in Sources */,
				6137E78D17F358ED00AE3A73 /* AppDelegate.m in Sources */,
				6137E78917F358ED00AE3A73 /* main.m in Sources */,
			);
			runOnlyForDeploymentPostprocessing = 0;
		};
/* End PBXSourcesBuildPhase section */

/* Begin PBXVariantGroup section */
		6137E78517F358ED00AE3A73 /* InfoPlist.strings */ = {
			isa = PBXVariantGroup;
			children = (
				6137E78617F358ED00AE3A73 /* en */,
			);
			name = InfoPlist.strings;
			sourceTree = "<group>";
		};
		6137E78E17F358ED00AE3A73 /* PushMain.storyboard */ = {
			isa = PBXVariantGroup;
			children = (
				6137E78F17F358ED00AE3A73 /* Base */,
			);
			name = PushMain.storyboard;
			sourceTree = "<group>";
		};
/* End PBXVariantGroup section */

/* Begin XCBuildConfiguration section */
		6133DC0417774AA40000FFFB /* Debug */ = {
			isa = XCBuildConfiguration;
			buildSettings = {
				ALWAYS_SEARCH_USER_PATHS = NO;
				CLANG_CXX_LANGUAGE_STANDARD = "gnu++0x";
				CLANG_CXX_LIBRARY = "libc++";
				CLANG_ENABLE_OBJC_ARC = YES;
				CLANG_WARN_CONSTANT_CONVERSION = YES;
				CLANG_WARN_EMPTY_BODY = YES;
				CLANG_WARN_ENUM_CONVERSION = YES;
				CLANG_WARN_INT_CONVERSION = YES;
				CLANG_WARN__DUPLICATE_METHOD_MATCH = YES;
				"CODE_SIGN_IDENTITY[sdk=iphoneos*]" = "iPhone Developer";
				COPY_PHASE_STRIP = NO;
				GCC_C_LANGUAGE_STANDARD = gnu99;
				GCC_DYNAMIC_NO_PIC = NO;
				GCC_OPTIMIZATION_LEVEL = 0;
				GCC_PREPROCESSOR_DEFINITIONS = (
					"DEBUG=1",
					"$(inherited)",
				);
				GCC_SYMBOLS_PRIVATE_EXTERN = NO;
				GCC_WARN_ABOUT_RETURN_TYPE = YES;
				GCC_WARN_UNINITIALIZED_AUTOS = YES;
				GCC_WARN_UNUSED_VARIABLE = YES;
				IPHONEOS_DEPLOYMENT_TARGET = 5.0;
				MACH_O_TYPE = mh_execute;
				ONLY_ACTIVE_ARCH = YES;
				SDKROOT = iphoneos;
			};
			name = Debug;
		};
		6133DC0517774AA40000FFFB /* Release */ = {
			isa = XCBuildConfiguration;
			buildSettings = {
				ALWAYS_SEARCH_USER_PATHS = NO;
				CLANG_CXX_LANGUAGE_STANDARD = "gnu++0x";
				CLANG_CXX_LIBRARY = "libc++";
				CLANG_ENABLE_OBJC_ARC = YES;
				CLANG_WARN_CONSTANT_CONVERSION = YES;
				CLANG_WARN_EMPTY_BODY = YES;
				CLANG_WARN_ENUM_CONVERSION = YES;
				CLANG_WARN_INT_CONVERSION = YES;
				CLANG_WARN__DUPLICATE_METHOD_MATCH = YES;
				"CODE_SIGN_IDENTITY[sdk=iphoneos*]" = "iPhone Developer";
				COPY_PHASE_STRIP = YES;
				GCC_C_LANGUAGE_STANDARD = gnu99;
				GCC_WARN_ABOUT_RETURN_TYPE = YES;
				GCC_WARN_UNINITIALIZED_AUTOS = YES;
				GCC_WARN_UNUSED_VARIABLE = YES;
				IPHONEOS_DEPLOYMENT_TARGET = 5.0;
				MACH_O_TYPE = mh_execute;
				ONLY_ACTIVE_ARCH = YES;
				OTHER_CFLAGS = "-DNS_BLOCK_ASSERTIONS=1";
				SDKROOT = iphoneos;
				VALIDATE_PRODUCT = YES;
			};
			name = Release;
		};
		6133DC0717774AA40000FFFB /* Debug */ = {
			isa = XCBuildConfiguration;
			buildSettings = {
				CODE_SIGN_IDENTITY = "iPhone Developer";
				"CODE_SIGN_IDENTITY[sdk=iphoneos*]" = "iPhone Developer";
				FRAMEWORK_SEARCH_PATHS = (
					"$(SRCROOT)/../",
					"$(inherited)",
					"$(SRCROOT)/../Sample/",
					"/Users/ppavlov/everlive-ios-sdk/Sample",
					/Users/ppavlov/Desktop,
					"/Users/ppavlov/Desktop/push\\ sample/Sample",
				);
				GCC_PRECOMPILE_PREFIX_HEADER = YES;
				INFOPLIST_FILE = "$(SRCROOT)/EverliveSDKSample-Info.plist";
				IPHONEOS_DEPLOYMENT_TARGET = 7.0;
				OTHER_LDFLAGS = "-ObjC";
				PRODUCT_NAME = Friends;
				PROVISIONING_PROFILE = "";
				TEST_AFTER_BUILD = YES;
				WRAPPER_EXTENSION = app;
			};
			name = Debug;
		};
		6133DC0817774AA40000FFFB /* Release */ = {
			isa = XCBuildConfiguration;
			buildSettings = {
				CODE_SIGN_IDENTITY = "iPhone Developer";
				"CODE_SIGN_IDENTITY[sdk=iphoneos*]" = "iPhone Developer";
				FRAMEWORK_SEARCH_PATHS = (
					"$(SRCROOT)/../",
					"$(inherited)",
					"$(SRCROOT)/../Sample/",
					"/Users/ppavlov/everlive-ios-sdk/Sample",
					/Users/ppavlov/Desktop,
					"/Users/ppavlov/Desktop/push\\ sample/Sample",
				);
				GCC_PRECOMPILE_PREFIX_HEADER = YES;
				INFOPLIST_FILE = "$(SRCROOT)/EverliveSDKSample-Info.plist";
				IPHONEOS_DEPLOYMENT_TARGET = 7.0;
				OTHER_LDFLAGS = "-ObjC";
				PRODUCT_NAME = Friends;
				PROVISIONING_PROFILE = "";
				TEST_AFTER_BUILD = YES;
				WRAPPER_EXTENSION = app;
			};
			name = Release;
		};
		6137E7A917F358EE00AE3A73 /* Debug */ = {
			isa = XCBuildConfiguration;
			buildSettings = {
				ASSETCATALOG_COMPILER_APPICON_NAME = AppIcon;
				ASSETCATALOG_COMPILER_LAUNCHIMAGE_NAME = LaunchImage;
				CLANG_ENABLE_MODULES = YES;
				CLANG_WARN_BOOL_CONVERSION = YES;
				CLANG_WARN_DIRECT_OBJC_ISA_USAGE = YES_ERROR;
				CLANG_WARN_OBJC_ROOT_CLASS = YES_ERROR;
				CODE_SIGN_IDENTITY = "iPhone Developer";
				"CODE_SIGN_IDENTITY[sdk=iphoneos*]" = "iPhone Developer";
				FRAMEWORK_SEARCH_PATHS = (
					"$(inherited)",
					"$(SRCROOT)/../Sample/",
					"/Users/ppavlov/Desktop/push\\ sample/Sample",
				);
				GCC_PRECOMPILE_PREFIX_HEADER = YES;
				GCC_PREFIX_HEADER = "PushSample/PushSample-Prefix.pch";
				GCC_PREPROCESSOR_DEFINITIONS = (
					"DEBUG=1",
					"$(inherited)",
				);
				GCC_WARN_64_TO_32_BIT_CONVERSION = YES;
				GCC_WARN_ABOUT_RETURN_TYPE = YES_ERROR;
				GCC_WARN_UNDECLARED_SELECTOR = YES;
				GCC_WARN_UNUSED_FUNCTION = YES;
				INFOPLIST_FILE = "PushSample/PushSample-Info.plist";
				IPHONEOS_DEPLOYMENT_TARGET = 7.0;
				PRODUCT_NAME = "Friends+";
				PROVISIONING_PROFILE = "5BA0488D-D06C-4F90-8137-BDE44A452F2D";
				WRAPPER_EXTENSION = app;
			};
			name = Debug;
		};
		6137E7AA17F358EE00AE3A73 /* Release */ = {
			isa = XCBuildConfiguration;
			buildSettings = {
				ASSETCATALOG_COMPILER_APPICON_NAME = AppIcon;
				ASSETCATALOG_COMPILER_LAUNCHIMAGE_NAME = LaunchImage;
				CLANG_ENABLE_MODULES = YES;
				CLANG_WARN_BOOL_CONVERSION = YES;
				CLANG_WARN_DIRECT_OBJC_ISA_USAGE = YES_ERROR;
				CLANG_WARN_OBJC_ROOT_CLASS = YES_ERROR;
				CODE_SIGN_IDENTITY = "iPhone Developer";
				"CODE_SIGN_IDENTITY[sdk=iphoneos*]" = "iPhone Developer";
				ENABLE_NS_ASSERTIONS = NO;
				FRAMEWORK_SEARCH_PATHS = (
					"$(inherited)",
					"$(SRCROOT)/../Sample/",
					"/Users/ppavlov/Desktop/push\\ sample/Sample",
				);
				GCC_PRECOMPILE_PREFIX_HEADER = YES;
				GCC_PREFIX_HEADER = "PushSample/PushSample-Prefix.pch";
				GCC_WARN_64_TO_32_BIT_CONVERSION = YES;
				GCC_WARN_ABOUT_RETURN_TYPE = YES_ERROR;
				GCC_WARN_UNDECLARED_SELECTOR = YES;
				GCC_WARN_UNUSED_FUNCTION = YES;
				INFOPLIST_FILE = "PushSample/PushSample-Info.plist";
				IPHONEOS_DEPLOYMENT_TARGET = 7.0;
				PRODUCT_NAME = "Friends+";
				PROVISIONING_PROFILE = "5BA0488D-D06C-4F90-8137-BDE44A452F2D";
				WRAPPER_EXTENSION = app;
			};
			name = Release;
		};
/* End XCBuildConfiguration section */

/* Begin XCConfigurationList section */
		6133DBDE17774AA40000FFFB /* Build configuration list for PBXProject "Push Notifications Sample" */ = {
			isa = XCConfigurationList;
			buildConfigurations = (
				6133DC0417774AA40000FFFB /* Debug */,
				6133DC0517774AA40000FFFB /* Release */,
			);
			defaultConfigurationIsVisible = 0;
			defaultConfigurationName = Release;
		};
		6133DC0617774AA40000FFFB /* Build configuration list for PBXNativeTarget "Sample" */ = {
			isa = XCConfigurationList;
			buildConfigurations = (
				6133DC0717774AA40000FFFB /* Debug */,
				6133DC0817774AA40000FFFB /* Release */,
			);
			defaultConfigurationIsVisible = 0;
			defaultConfigurationName = Release;
		};
		6137E7A817F358EE00AE3A73 /* Build configuration list for PBXNativeTarget "Sample (Push)" */ = {
			isa = XCConfigurationList;
			buildConfigurations = (
				6137E7A917F358EE00AE3A73 /* Debug */,
				6137E7AA17F358EE00AE3A73 /* Release */,
			);
			defaultConfigurationIsVisible = 0;
			defaultConfigurationName = Release;
		};
/* End XCConfigurationList section */
	};
	rootObject = 6133DBDB17774AA40000FFFB /* Project object */;
}
